Microsoft Visual Studio Solution File, Format Version 12.00
# Visual Studio Version 17
VisualStudioVersion = 17.5.2.0
MinimumVisualStudioVersion = 10.0.40219.1
Project("{FAE04EC0-301F-11D3-BF4B-00C04F79EFBC}") = "Habitus.Api", "Habitus.Api\Habitus.Api.csproj", "{3E2B4BFB-4556-ACB3-3639-7C7D251A08E9}"
EndProject
Project("{FAE04EC0-301F-11D3-BF4B-00C04F79EFBC}") = "Habitus.Tests", "Habitus.Tests\Habitus.Tests.csproj", "{672991A6-EEDC-4417-B6B4-CF3C9EBA9BA0}"
EndProject
Global
	GlobalSection(SolutionConfigurationPlatforms) = preSolution
		Debug|Any CPU = Debug|Any CPU
		Release|Any CPU = Release|Any CPU
	EndGlobalSection
	GlobalSection(ProjectConfigurationPlatforms) = postSolution
		{3E2B4BFB-4556-ACB3-3639-7C7D251A08E9}.Debug|Any CPU.ActiveCfg = Debug|Any CPU
		{3E2B4BFB-4556-ACB3-3639-7C7D251A08E9}.Debug|Any CPU.Build.0 = Debug|Any CPU
		{3E2B4BFB-4556-ACB3-3639-7C7D251A08E9}.Release|Any CPU.ActiveCfg = Release|Any CPU
		{3E2B4BFB-4556-ACB3-3639-7C7D251A08E9}.Release|Any CPU.Build.0 = Release|Any CPU
		{672991A6-EEDC-4417-B6B4-CF3C9EBA9BA0}.Debug|Any CPU.ActiveCfg = Debug|Any CPU
		{672991A6-EEDC-4417-B6B4-CF3C9EBA9BA0}.Debug|Any CPU.Build.0 = Debug|Any CPU
		{672991A6-EEDC-4417-B6B4-CF3C9EBA9BA0}.Release|Any CPU.ActiveCfg = Release|Any CPU
		{672991A6-EEDC-4417-B6B4-CF3C9EBA9BA0}.Release|Any CPU.Build.0 = Release|Any CPU
	EndGlobalSection
	GlobalSection(SolutionProperties) = preSolution
		HideSolutionNode = FALSE
	EndGlobalSection
	GlobalSection(ExtensibilityGlobals) = postSolution
		SolutionGuid = {E909A813-69BE-4BC8-8B46-EEAC7A194D13}
	EndGlobalSection
EndGlobal
